
Microsoft Visual Studio Solution File, Format Version 12.00
# Visual Studio Version 17
VisualStudioVersion = 17.0.31903.59
MinimumVisualStudioVersion = 10.0.40219.1
Project("{2150E333-8FDC-42A3-9474-1A3956D46DE8}") = "Services", "Services", "{5854FF58-B8C5-05C6-5BF2-ACE42193F22B}"
EndProject
Project("{2150E333-8FDC-42A3-9474-1A3956D46DE8}") = "Catalog", "Catalog", "{944ACC7E-4FFC-A2A2-09E1-98A62C66F8DB}"
EndProject
Project("{FAE04EC0-301F-11D3-BF4B-00C04F79EFBC}") = "MultiShop.Catalog", "Services\Catalog\MultiShop.Catalog\MultiShop.Catalog.csproj", "{3AD68CA0-6C46-4140-B5A1-240464F0A81A}"
EndProject
Project("{2150E333-8FDC-42A3-9474-1A3956D46DE8}") = "Discount", "Discount", "{C7CAFBC0-809A-03AF-7F4A-D6ECDFC06026}"
EndProject
Project("{FAE04EC0-301F-11D3-BF4B-00C04F79EFBC}") = "MultiShop.Discount", "Services\Discount\MultiShop.Discount\MultiShop.Discount.csproj", "{F9390C96-4531-4621-B48E-F9D7FBD1EA40}"
EndProject
Project("{2150E333-8FDC-42A3-9474-1A3956D46DE8}") = "Order", "Order", "{A7F1EA75-F84F-EDAA-1156-120873BE27D5}"
EndProject
Project("{2150E333-8FDC-42A3-9474-1A3956D46DE8}") = "Core", "Core", "{1BADAA19-F6E7-A6CC-5468-B408B9E2CF8F}"
EndProject
Project("{FAE04EC0-301F-11D3-BF4B-00C04F79EFBC}") = "MultiShop.Order.Application", "Services\Order\Core\MultiShop.Order.Application\MultiShop.Order.Application.csproj", "{7AE730DC-D868-41A3-8B30-E34A7EE5D667}"
EndProject
Project("{FAE04EC0-301F-11D3-BF4B-00C04F79EFBC}") = "MultiShop.Order.Domain", "Services\Order\Core\MultiShop.Order.Domain\MultiShop.Order.Domain.csproj", "{5DC0E435-274D-4B9B-968A-D4566973491A}"
EndProject
Project("{2150E333-8FDC-42A3-9474-1A3956D46DE8}") = "Infrastructure", "Infrastructure", "{C0BDA945-C0B4-F91C-CB3A-89AA41DAAC7C}"
EndProject
Project("{FAE04EC0-301F-11D3-BF4B-00C04F79EFBC}") = "MultiShop.Order.Persistence", "Services\Order\Infrastructure\MultiShop.Order.Persistence\MultiShop.Order.Persistence.csproj", "{CCA70DD3-5A30-49B5-987D-91D331AFD811}"
EndProject
Project("{2150E333-8FDC-42A3-9474-1A3956D46DE8}") = "Presentation", "Presentation", "{762439F7-8BE1-3BA0-8155-D3139BF35409}"
EndProject
Project("{FAE04EC0-301F-11D3-BF4B-00C04F79EFBC}") = "MultiShop.Order.WebApi", "Services\Order\Presentation\MultiShop.Order.WebApi\MultiShop.Order.WebApi.csproj", "{F8AB7E1E-052F-4E5F-806B-19A0165EBB4E}"
EndProject
Project("{2150E333-8FDC-42A3-9474-1A3956D46DE8}") = "IdentityServer", "IdentityServer", "{E9A9C8E9-0274-F9D7-7352-2F6A2CAEC9A3}"
EndProject
Project("{FAE04EC0-301F-11D3-BF4B-00C04F79EFBC}") = "MultiShop.IdentityServer", "IdentityServer\MultiShop.IdentityServer\MultiShop.IdentityServer.csproj", "{D703A4B1-87FF-49F7-B787-6B4C0689AF95}"
EndProject
Project("{2150E333-8FDC-42A3-9474-1A3956D46DE8}") = "Cargo", "Cargo", "{CCDA0719-2906-0C56-A1B5-147B24A1EA45}"
EndProject
Project("{FAE04EC0-301F-11D3-BF4B-00C04F79EFBC}") = "MultiShop.Cargo.BusinessLayer", "Services\Cargo\MultiShop.Cargo.BusinessLayer\MultiShop.Cargo.BusinessLayer.csproj", "{D42B1D92-48BE-4CFF-B97E-85FA05E16195}"
EndProject
Project("{FAE04EC0-301F-11D3-BF4B-00C04F79EFBC}") = "MultiShop.Cargo.DataAccessLayer", "Services\Cargo\MultiShop.Cargo.DataAccessLayer\MultiShop.Cargo.DataAccessLayer.csproj", "{BEA82AC3-B570-4DF0-9D61-3ECB141D4F21}"
EndProject
Project("{FAE04EC0-301F-11D3-BF4B-00C04F79EFBC}") = "MultiShop.Cargo.DtoLayer", "Services\Cargo\MultiShop.Cargo.DtoLayer\MultiShop.Cargo.DtoLayer.csproj", "{EE9E18E9-E535-4097-B1B6-7C8CAD030F98}"
EndProject
Project("{FAE04EC0-301F-11D3-BF4B-00C04F79EFBC}") = "MultiShop.Cargo.EntityLayer", "Services\Cargo\MultiShop.Cargo.EntityLayer\MultiShop.Cargo.EntityLayer.csproj", "{E036163F-E09A-4F66-AF76-8E58A520B6FC}"
EndProject
Project("{FAE04EC0-301F-11D3-BF4B-00C04F79EFBC}") = "MultiShop.Cargo.WebApi", "Services\Cargo\MultiShop.Cargo.WebApi\MultiShop.Cargo.WebApi.csproj", "{1BFA575A-A2C1-4F2F-9BA9-E47200115674}"
EndProject
Project("{2150E333-8FDC-42A3-9474-1A3956D46DE8}") = "Basket", "Basket", "{5991CCA7-7B8E-F5C0-A704-5C636E45E198}"
EndProject
Project("{FAE04EC0-301F-11D3-BF4B-00C04F79EFBC}") = "MultiShop.Basket", "Services\Basket\MultiShop.Basket\MultiShop.Basket.csproj", "{38450089-6DE8-4638-A234-FE56A6AB12CA}"
EndProject
Project("{2150E333-8FDC-42A3-9474-1A3956D46DE8}") = "Frontends", "Frontends", "{085B1C63-F7BE-2037-DFB4-AC49B887C3CE}"
EndProject
Project("{FAE04EC0-301F-11D3-BF4B-00C04F79EFBC}") = "MultiShop.WebUI", "Frontends\MultiShop.WebUI\MultiShop.WebUI.csproj", "{AB157B89-8554-4FB9-BBE7-A4DEA50DCE34}"
EndProject
Global
	GlobalSection(SolutionConfigurationPlatforms) = preSolution
		Debug|Any CPU = Debug|Any CPU
		Debug|x64 = Debug|x64
		Debug|x86 = Debug|x86
		Release|Any CPU = Release|Any CPU
		Release|x64 = Release|x64
		Release|x86 = Release|x86
	EndGlobalSection
	GlobalSection(ProjectConfigurationPlatforms) = postSolution
		{3AD68CA0-6C46-4140-B5A1-240464F0A81A}.Debug|Any CPU.ActiveCfg = Debug|Any CPU
		{3AD68CA0-6C46-4140-B5A1-240464F0A81A}.Debug|Any CPU.Build.0 = Debug|Any CPU
		{3AD68CA0-6C46-4140-B5A1-240464F0A81A}.Debug|x64.ActiveCfg = Debug|Any CPU
		{3AD68CA0-6C46-4140-B5A1-240464F0A81A}.Debug|x64.Build.0 = Debug|Any CPU
		{3AD68CA0-6C46-4140-B5A1-240464F0A81A}.Debug|x86.ActiveCfg = Debug|Any CPU
		{3AD68CA0-6C46-4140-B5A1-240464F0A81A}.Debug|x86.Build.0 = Debug|Any CPU
		{3AD68CA0-6C46-4140-B5A1-240464F0A81A}.Release|Any CPU.ActiveCfg = Release|Any CPU
		{3AD68CA0-6C46-4140-B5A1-240464F0A81A}.Release|Any CPU.Build.0 = Release|Any CPU
		{3AD68CA0-6C46-4140-B5A1-240464F0A81A}.Release|x64.ActiveCfg = Release|Any CPU
		{3AD68CA0-6C46-4140-B5A1-240464F0A81A}.Release|x64.Build.0 = Release|Any CPU
		{3AD68CA0-6C46-4140-B5A1-240464F0A81A}.Release|x86.ActiveCfg = Release|Any CPU
		{3AD68CA0-6C46-4140-B5A1-240464F0A81A}.Release|x86.Build.0 = Release|Any CPU
		{F9390C96-4531-4621-B48E-F9D7FBD1EA40}.Debug|Any CPU.ActiveCfg = Debug|Any CPU
		{F9390C96-4531-4621-B48E-F9D7FBD1EA40}.Debug|Any CPU.Build.0 = Debug|Any CPU
		{F9390C96-4531-4621-B48E-F9D7FBD1EA40}.Debug|x64.ActiveCfg = Debug|Any CPU
		{F9390C96-4531-4621-B48E-F9D7FBD1EA40}.Debug|x64.Build.0 = Debug|Any CPU
		{F9390C96-4531-4621-B48E-F9D7FBD1EA40}.Debug|x86.ActiveCfg = Debug|Any CPU
		{F9390C96-4531-4621-B48E-F9D7FBD1EA40}.Debug|x86.Build.0 = Debug|Any CPU
		{F9390C96-4531-4621-B48E-F9D7FBD1EA40}.Release|Any CPU.ActiveCfg = Release|Any CPU
		{F9390C96-4531-4621-B48E-F9D7FBD1EA40}.Release|Any CPU.Build.0 = Release|Any CPU
		{F9390C96-4531-4621-B48E-F9D7FBD1EA40}.Release|x64.ActiveCfg = Release|Any CPU
		{F9390C96-4531-4621-B48E-F9D7FBD1EA40}.Release|x64.Build.0 = Release|Any CPU
		{F9390C96-4531-4621-B48E-F9D7FBD1EA40}.Release|x86.ActiveCfg = Release|Any CPU
		{F9390C96-4531-4621-B48E-F9D7FBD1EA40}.Release|x86.Build.0 = Release|Any CPU
		{7AE730DC-D868-41A3-8B30-E34A7EE5D667}.Debug|Any CPU.ActiveCfg = Debug|Any CPU
		{7AE730DC-D868-41A3-8B30-E34A7EE5D667}.Debug|Any CPU.Build.0 = Debug|Any CPU
		{7AE730DC-D868-41A3-8B30-E34A7EE5D667}.Debug|x64.ActiveCfg = Debug|Any CPU
		{7AE730DC-D868-41A3-8B30-E34A7EE5D667}.Debug|x64.Build.0 = Debug|Any CPU
		{7AE730DC-D868-41A3-8B30-E34A7EE5D667}.Debug|x86.ActiveCfg = Debug|Any CPU
		{7AE730DC-D868-41A3-8B30-E34A7EE5D667}.Debug|x86.Build.0 = Debug|Any CPU
		{7AE730DC-D868-41A3-8B30-E34A7EE5D667}.Release|Any CPU.ActiveCfg = Release|Any CPU
		{7AE730DC-D868-41A3-8B30-E34A7EE5D667}.Release|Any CPU.Build.0 = Release|Any CPU
		{7AE730DC-D868-41A3-8B30-E34A7EE5D667}.Release|x64.ActiveCfg = Release|Any CPU
		{7AE730DC-D868-41A3-8B30-E34A7EE5D667}.Release|x64.Build.0 = Release|Any CPU
		{7AE730DC-D868-41A3-8B30-E34A7EE5D667}.Release|x86.ActiveCfg = Release|Any CPU
		{7AE730DC-D868-41A3-8B30-E34A7EE5D667}.Release|x86.Build.0 = Release|Any CPU
		{5DC0E435-274D-4B9B-968A-D4566973491A}.Debug|Any CPU.ActiveCfg = Debug|Any CPU
		{5DC0E435-274D-4B9B-968A-D4566973491A}.Debug|Any CPU.Build.0 = Debug|Any CPU
		{5DC0E435-274D-4B9B-968A-D4566973491A}.Debug|x64.ActiveCfg = Debug|Any CPU
		{5DC0E435-274D-4B9B-968A-D4566973491A}.Debug|x64.Build.0 = Debug|Any CPU
		{5DC0E435-274D-4B9B-968A-D4566973491A}.Debug|x86.ActiveCfg = Debug|Any CPU
		{5DC0E435-274D-4B9B-968A-D4566973491A}.Debug|x86.Build.0 = Debug|Any CPU
		{5DC0E435-274D-4B9B-968A-D4566973491A}.Release|Any CPU.ActiveCfg = Release|Any CPU
		{5DC0E435-274D-4B9B-968A-D4566973491A}.Release|Any CPU.Build.0 = Release|Any CPU
		{5DC0E435-274D-4B9B-968A-D4566973491A}.Release|x64.ActiveCfg = Release|Any CPU
		{5DC0E435-274D-4B9B-968A-D4566973491A}.Release|x64.Build.0 = Release|Any CPU
		{5DC0E435-274D-4B9B-968A-D4566973491A}.Release|x86.ActiveCfg = Release|Any CPU
		{5DC0E435-274D-4B9B-968A-D4566973491A}.Release|x86.Build.0 = Release|Any CPU
		{CCA70DD3-5A30-49B5-987D-91D331AFD811}.Debug|Any CPU.ActiveCfg = Debug|Any CPU
		{CCA70DD3-5A30-49B5-987D-91D331AFD811}.Debug|Any CPU.Build.0 = Debug|Any CPU
		{CCA70DD3-5A30-49B5-987D-91D331AFD811}.Debug|x64.ActiveCfg = Debug|Any CPU
		{CCA70DD3-5A30-49B5-987D-91D331AFD811}.Debug|x64.Build.0 = Debug|Any CPU
		{CCA70DD3-5A30-49B5-987D-91D331AFD811}.Debug|x86.ActiveCfg = Debug|Any CPU
		{CCA70DD3-5A30-49B5-987D-91D331AFD811}.Debug|x86.Build.0 = Debug|Any CPU
		{CCA70DD3-5A30-49B5-987D-91D331AFD811}.Release|Any CPU.ActiveCfg = Release|Any CPU
		{CCA70DD3-5A30-49B5-987D-91D331AFD811}.Release|Any CPU.Build.0 = Release|Any CPU
		{CCA70DD3-5A30-49B5-987D-91D331AFD811}.Release|x64.ActiveCfg = Release|Any CPU
		{CCA70DD3-5A30-49B5-987D-91D331AFD811}.Release|x64.Build.0 = Release|Any CPU
		{CCA70DD3-5A30-49B5-987D-91D331AFD811}.Release|x86.ActiveCfg = Release|Any CPU
		{CCA70DD3-5A30-49B5-987D-91D331AFD811}.Release|x86.Build.0 = Release|Any CPU
		{F8AB7E1E-052F-4E5F-806B-19A0165EBB4E}.Debug|Any CPU.ActiveCfg = Debug|Any CPU
		{F8AB7E1E-052F-4E5F-806B-19A0165EBB4E}.Debug|Any CPU.Build.0 = Debug|Any CPU
		{F8AB7E1E-052F-4E5F-806B-19A0165EBB4E}.Debug|x64.ActiveCfg = Debug|Any CPU
		{F8AB7E1E-052F-4E5F-806B-19A0165EBB4E}.Debug|x64.Build.0 = Debug|Any CPU
		{F8AB7E1E-052F-4E5F-806B-19A0165EBB4E}.Debug|x86.ActiveCfg = Debug|Any CPU
		{F8AB7E1E-052F-4E5F-806B-19A0165EBB4E}.Debug|x86.Build.0 = Debug|Any CPU
		{F8AB7E1E-052F-4E5F-806B-19A0165EBB4E}.Release|Any CPU.ActiveCfg = Release|Any CPU
		{F8AB7E1E-052F-4E5F-806B-19A0165EBB4E}.Release|Any CPU.Build.0 = Release|Any CPU
		{F8AB7E1E-052F-4E5F-806B-19A0165EBB4E}.Release|x64.ActiveCfg = Release|Any CPU
		{F8AB7E1E-052F-4E5F-806B-19A0165EBB4E}.Release|x64.Build.0 = Release|Any CPU
		{F8AB7E1E-052F-4E5F-806B-19A0165EBB4E}.Release|x86.ActiveCfg = Release|Any CPU
		{F8AB7E1E-052F-4E5F-806B-19A0165EBB4E}.Release|x86.Build.0 = Release|Any CPU
		{D703A4B1-87FF-49F7-B787-6B4C0689AF95}.Debug|Any CPU.ActiveCfg = Debug|Any CPU
		{D703A4B1-87FF-49F7-B787-6B4C0689AF95}.Debug|Any CPU.Build.0 = Debug|Any CPU
		{D703A4B1-87FF-49F7-B787-6B4C0689AF95}.Debug|x64.ActiveCfg = Debug|Any CPU
		{D703A4B1-87FF-49F7-B787-6B4C0689AF95}.Debug|x64.Build.0 = Debug|Any CPU
		{D703A4B1-87FF-49F7-B787-6B4C0689AF95}.Debug|x86.ActiveCfg = Debug|Any CPU
		{D703A4B1-87FF-49F7-B787-6B4C0689AF95}.Debug|x86.Build.0 = Debug|Any CPU
		{D703A4B1-87FF-49F7-B787-6B4C0689AF95}.Release|Any CPU.ActiveCfg = Release|Any CPU
		{D703A4B1-87FF-49F7-B787-6B4C0689AF95}.Release|Any CPU.Build.0 = Release|Any CPU
		{D703A4B1-87FF-49F7-B787-6B4C0689AF95}.Release|x64.ActiveCfg = Release|Any CPU
		{D703A4B1-87FF-49F7-B787-6B4C0689AF95}.Release|x64.Build.0 = Release|Any CPU
		{D703A4B1-87FF-49F7-B787-6B4C0689AF95}.Release|x86.ActiveCfg = Release|Any CPU
		{D703A4B1-87FF-49F7-B787-6B4C0689AF95}.Release|x86.Build.0 = Release|Any CPU
		{D42B1D92-48BE-4CFF-B97E-85FA05E16195}.Debug|Any CPU.ActiveCfg = Debug|Any CPU
		{D42B1D92-48BE-4CFF-B97E-85FA05E16195}.Debug|Any CPU.Build.0 = Debug|Any CPU
		{D42B1D92-48BE-4CFF-B97E-85FA05E16195}.Debug|x64.ActiveCfg = Debug|Any CPU
		{D42B1D92-48BE-4CFF-B97E-85FA05E16195}.Debug|x64.Build.0 = Debug|Any CPU
		{D42B1D92-48BE-4CFF-B97E-85FA05E16195}.Debug|x86.ActiveCfg = Debug|Any CPU
		{D42B1D92-48BE-4CFF-B97E-85FA05E16195}.Debug|x86.Build.0 = Debug|Any CPU
		{D42B1D92-48BE-4CFF-B97E-85FA05E16195}.Release|Any CPU.ActiveCfg = Release|Any CPU
		{D42B1D92-48BE-4CFF-B97E-85FA05E16195}.Release|Any CPU.Build.0 = Release|Any CPU
		{D42B1D92-48BE-4CFF-B97E-85FA05E16195}.Release|x64.ActiveCfg = Release|Any CPU
		{D42B1D92-48BE-4CFF-B97E-85FA05E16195}.Release|x64.Build.0 = Release|Any CPU
		{D42B1D92-48BE-4CFF-B97E-85FA05E16195}.Release|x86.ActiveCfg = Release|Any CPU
		{D42B1D92-48BE-4CFF-B97E-85FA05E16195}.Release|x86.Build.0 = Release|Any CPU
		{BEA82AC3-B570-4DF0-9D61-3ECB141D4F21}.Debug|Any CPU.ActiveCfg = Debug|Any CPU
		{BEA82AC3-B570-4DF0-9D61-3ECB141D4F21}.Debug|Any CPU.Build.0 = Debug|Any CPU
		{BEA82AC3-B570-4DF0-9D61-3ECB141D4F21}.Debug|x64.ActiveCfg = Debug|Any CPU
		{BEA82AC3-B570-4DF0-9D61-3ECB141D4F21}.Debug|x64.Build.0 = Debug|Any CPU
		{BEA82AC3-B570-4DF0-9D61-3ECB141D4F21}.Debug|x86.ActiveCfg = Debug|Any CPU
		{BEA82AC3-B570-4DF0-9D61-3ECB141D4F21}.Debug|x86.Build.0 = Debug|Any CPU
		{BEA82AC3-B570-4DF0-9D61-3ECB141D4F21}.Release|Any CPU.ActiveCfg = Release|Any CPU
		{BEA82AC3-B570-4DF0-9D61-3ECB141D4F21}.Release|Any CPU.Build.0 = Release|Any CPU
		{BEA82AC3-B570-4DF0-9D61-3ECB141D4F21}.Release|x64.ActiveCfg = Release|Any CPU
		{BEA82AC3-B570-4DF0-9D61-3ECB141D4F21}.Release|x64.Build.0 = Release|Any CPU
		{BEA82AC3-B570-4DF0-9D61-3ECB141D4F21}.Release|x86.ActiveCfg = Release|Any CPU
		{BEA82AC3-B570-4DF0-9D61-3ECB141D4F21}.Release|x86.Build.0 = Release|Any CPU
		{EE9E18E9-E535-4097-B1B6-7C8CAD030F98}.Debug|Any CPU.ActiveCfg = Debug|Any CPU
		{EE9E18E9-E535-4097-B1B6-7C8CAD030F98}.Debug|Any CPU.Build.0 = Debug|Any CPU
		{EE9E18E9-E535-4097-B1B6-7C8CAD030F98}.Debug|x64.ActiveCfg = Debug|Any CPU
		{EE9E18E9-E535-4097-B1B6-7C8CAD030F98}.Debug|x64.Build.0 = Debug|Any CPU
		{EE9E18E9-E535-4097-B1B6-7C8CAD030F98}.Debug|x86.ActiveCfg = Debug|Any CPU
		{EE9E18E9-E535-4097-B1B6-7C8CAD030F98}.Debug|x86.Build.0 = Debug|Any CPU
		{EE9E18E9-E535-4097-B1B6-7C8CAD030F98}.Release|Any CPU.ActiveCfg = Release|Any CPU
		{EE9E18E9-E535-4097-B1B6-7C8CAD030F98}.Release|Any CPU.Build.0 = Release|Any CPU
		{EE9E18E9-E535-4097-B1B6-7C8CAD030F98}.Release|x64.ActiveCfg = Release|Any CPU
		{EE9E18E9-E535-4097-B1B6-7C8CAD030F98}.Release|x64.Build.0 = Release|Any CPU
		{EE9E18E9-E535-4097-B1B6-7C8CAD030F98}.Release|x86.ActiveCfg = Release|Any CPU
		{EE9E18E9-E535-4097-B1B6-7C8CAD030F98}.Release|x86.Build.0 = Release|Any CPU
		{E036163F-E09A-4F66-AF76-8E58A520B6FC}.Debug|Any CPU.ActiveCfg = Debug|Any CPU
		{E036163F-E09A-4F66-AF76-8E58A520B6FC}.Debug|Any CPU.Build.0 = Debug|Any CPU
		{E036163F-E09A-4F66-AF76-8E58A520B6FC}.Debug|x64.ActiveCfg = Debug|Any CPU
		{E036163F-E09A-4F66-AF76-8E58A520B6FC}.Debug|x64.Build.0 = Debug|Any CPU
		{E036163F-E09A-4F66-AF76-8E58A520B6FC}.Debug|x86.ActiveCfg = Debug|Any CPU
		{E036163F-E09A-4F66-AF76-8E58A520B6FC}.Debug|x86.Build.0 = Debug|Any CPU
		{E036163F-E09A-4F66-AF76-8E58A520B6FC}.Release|Any CPU.ActiveCfg = Release|Any CPU
		{E036163F-E09A-4F66-AF76-8E58A520B6FC}.Release|Any CPU.Build.0 = Release|Any CPU
		{E036163F-E09A-4F66-AF76-8E58A520B6FC}.Release|x64.ActiveCfg = Release|Any CPU
		{E036163F-E09A-4F66-AF76-8E58A520B6FC}.Release|x64.Build.0 = Release|Any CPU
		{E036163F-E09A-4F66-AF76-8E58A520B6FC}.Release|x86.ActiveCfg = Release|Any CPU
		{E036163F-E09A-4F66-AF76-8E58A520B6FC}.Release|x86.Build.0 = Release|Any CPU
		{1BFA575A-A2C1-4F2F-9BA9-E47200115674}.Debug|Any CPU.ActiveCfg = Debug|Any CPU
		{1BFA575A-A2C1-4F2F-9BA9-E47200115674}.Debug|Any CPU.Build.0 = Debug|Any CPU
		{1BFA575A-A2C1-4F2F-9BA9-E47200115674}.Debug|x64.ActiveCfg = Debug|Any CPU
		{1BFA575A-A2C1-4F2F-9BA9-E47200115674}.Debug|x64.Build.0 = Debug|Any CPU
		{1BFA575A-A2C1-4F2F-9BA9-E47200115674}.Debug|x86.ActiveCfg = Debug|Any CPU
		{1BFA575A-A2C1-4F2F-9BA9-E47200115674}.Debug|x86.Build.0 = Debug|Any CPU
		{1BFA575A-A2C1-4F2F-9BA9-E47200115674}.Release|Any CPU.ActiveCfg = Release|Any CPU
		{1BFA575A-A2C1-4F2F-9BA9-E47200115674}.Release|Any CPU.Build.0 = Release|Any CPU
		{1BFA575A-A2C1-4F2F-9BA9-E47200115674}.Release|x64.ActiveCfg = Release|Any CPU
		{1BFA575A-A2C1-4F2F-9BA9-E47200115674}.Release|x64.Build.0 = Release|Any CPU
		{1BFA575A-A2C1-4F2F-9BA9-E47200115674}.Release|x86.ActiveCfg = Release|Any CPU
		{1BFA575A-A2C1-4F2F-9BA9-E47200115674}.Release|x86.Build.0 = Release|Any CPU
		{38450089-6DE8-4638-A234-FE56A6AB12CA}.Debug|Any CPU.ActiveCfg = Debug|Any CPU
		{38450089-6DE8-4638-A234-FE56A6AB12CA}.Debug|Any CPU.Build.0 = Debug|Any CPU
		{38450089-6DE8-4638-A234-FE56A6AB12CA}.Debug|x64.ActiveCfg = Debug|Any CPU
		{38450089-6DE8-4638-A234-FE56A6AB12CA}.Debug|x64.Build.0 = Debug|Any CPU
		{38450089-6DE8-4638-A234-FE56A6AB12CA}.Debug|x86.ActiveCfg = Debug|Any CPU
		{38450089-6DE8-4638-A234-FE56A6AB12CA}.Debug|x86.Build.0 = Debug|Any CPU
		{38450089-6DE8-4638-A234-FE56A6AB12CA}.Release|Any CPU.ActiveCfg = Release|Any CPU
		{38450089-6DE8-4638-A234-FE56A6AB12CA}.Release|Any CPU.Build.0 = Release|Any CPU
		{38450089-6DE8-4638-A234-FE56A6AB12CA}.Release|x64.ActiveCfg = Release|Any CPU
		{38450089-6DE8-4638-A234-FE56A6AB12CA}.Release|x64.Build.0 = Release|Any CPU
		{38450089-6DE8-4638-A234-FE56A6AB12CA}.Release|x86.ActiveCfg = Release|Any CPU
		{38450089-6DE8-4638-A234-FE56A6AB12CA}.Release|x86.Build.0 = Release|Any CPU
		{AB157B89-8554-4FB9-BBE7-A4DEA50DCE34}.Debug|Any CPU.ActiveCfg = Debug|Any CPU
		{AB157B89-8554-4FB9-BBE7-A4DEA50DCE34}.Debug|Any CPU.Build.0 = Debug|Any CPU
		{AB157B89-8554-4FB9-BBE7-A4DEA50DCE34}.Debug|x64.ActiveCfg = Debug|Any CPU
		{AB157B89-8554-4FB9-BBE7-A4DEA50DCE34}.Debug|x64.Build.0 = Debug|Any CPU
		{AB157B89-8554-4FB9-BBE7-A4DEA50DCE34}.Debug|x86.ActiveCfg = Debug|Any CPU
		{AB157B89-8554-4FB9-BBE7-A4DEA50DCE34}.Debug|x86.Build.0 = Debug|Any CPU
		{AB157B89-8554-4FB9-BBE7-A4DEA50DCE34}.Release|Any CPU.ActiveCfg = Release|Any CPU
		{AB157B89-8554-4FB9-BBE7-A4DEA50DCE34}.Release|Any CPU.Build.0 = Release|Any CPU
		{AB157B89-8554-4FB9-BBE7-A4DEA50DCE34}.Release|x64.ActiveCfg = Release|Any CPU
		{AB157B89-8554-4FB9-BBE7-A4DEA50DCE34}.Release|x64.Build.0 = Release|Any CPU
		{AB157B89-8554-4FB9-BBE7-A4DEA50DCE34}.Release|x86.ActiveCfg = Release|Any CPU
		{AB157B89-8554-4FB9-BBE7-A4DEA50DCE34}.Release|x86.Build.0 = Release|Any CPU
	EndGlobalSection
	GlobalSection(SolutionProperties) = preSolution
		HideSolutionNode = FALSE
	EndGlobalSection
	GlobalSection(NestedProjects) = preSolution
		{944ACC7E-4FFC-A2A2-09E1-98A62C66F8DB} = {5854FF58-B8C5-05C6-5BF2-ACE42193F22B}
		{3AD68CA0-6C46-4140-B5A1-240464F0A81A} = {944ACC7E-4FFC-A2A2-09E1-98A62C66F8DB}
		{C7CAFBC0-809A-03AF-7F4A-D6ECDFC06026} = {5854FF58-B8C5-05C6-5BF2-ACE42193F22B}
		{F9390C96-4531-4621-B48E-F9D7FBD1EA40} = {C7CAFBC0-809A-03AF-7F4A-D6ECDFC06026}
		{A7F1EA75-F84F-EDAA-1156-120873BE27D5} = {5854FF58-B8C5-05C6-5BF2-ACE42193F22B}
		{1BADAA19-F6E7-A6CC-5468-B408B9E2CF8F} = {A7F1EA75-F84F-EDAA-1156-120873BE27D5}
		{7AE730DC-D868-41A3-8B30-E34A7EE5D667} = {1BADAA19-F6E7-A6CC-5468-B408B9E2CF8F}
		{5DC0E435-274D-4B9B-968A-D4566973491A} = {1BADAA19-F6E7-A6CC-5468-B408B9E2CF8F}
		{C0BDA945-C0B4-F91C-CB3A-89AA41DAAC7C} = {A7F1EA75-F84F-EDAA-1156-120873BE27D5}
		{CCA70DD3-5A30-49B5-987D-91D331AFD811} = {C0BDA945-C0B4-F91C-CB3A-89AA41DAAC7C}
		{762439F7-8BE1-3BA0-8155-D3139BF35409} = {A7F1EA75-F84F-EDAA-1156-120873BE27D5}
		{F8AB7E1E-052F-4E5F-806B-19A0165EBB4E} = {762439F7-8BE1-3BA0-8155-D3139BF35409}
		{D703A4B1-87FF-49F7-B787-6B4C0689AF95} = {E9A9C8E9-0274-F9D7-7352-2F6A2CAEC9A3}
		{CCDA0719-2906-0C56-A1B5-147B24A1EA45} = {5854FF58-B8C5-05C6-5BF2-ACE42193F22B}
		{D42B1D92-48BE-4CFF-B97E-85FA05E16195} = {CCDA0719-2906-0C56-A1B5-147B24A1EA45}
		{BEA82AC3-B570-4DF0-9D61-3ECB141D4F21} = {CCDA0719-2906-0C56-A1B5-147B24A1EA45}
		{EE9E18E9-E535-4097-B1B6-7C8CAD030F98} = {CCDA0719-2906-0C56-A1B5-147B24A1EA45}
		{E036163F-E09A-4F66-AF76-8E58A520B6FC} = {CCDA0719-2906-0C56-A1B5-147B24A1EA45}
		{1BFA575A-A2C1-4F2F-9BA9-E47200115674} = {CCDA0719-2906-0C56-A1B5-147B24A1EA45}
		{5991CCA7-7B8E-F5C0-A704-5C636E45E198} = {5854FF58-B8C5-05C6-5BF2-ACE42193F22B}
		{38450089-6DE8-4638-A234-FE56A6AB12CA} = {5991CCA7-7B8E-F5C0-A704-5C636E45E198}
		{AB157B89-8554-4FB9-BBE7-A4DEA50DCE34} = {085B1C63-F7BE-2037-DFB4-AC49B887C3CE}
	EndGlobalSection
EndGlobal
